
Microsoft Visual Studio Solution File, Format Version 12.00
# Visual Studio Version 17
VisualStudioVersion = 17.13.35825.156
MinimumVisualStudioVersion = 10.0.40219.1
Project("{FAE04EC0-301F-11D3-BF4B-00C04F79EFBC}") = "FloApi", "FloAPI\FloApi.csproj", "{89E5E325-AAD3-8178-BA2B-4BB2C722614A}"
EndProject
Project("{FAE04EC0-301F-11D3-BF4B-00C04F79EFBC}") = "TestFloApi", "TestFloApi\TestFloApi.csproj", "{78145FE3-1D0A-4763-8B10-1473829ADB9E}"
EndProject
Project("{FAE04EC0-301F-11D3-BF4B-00C04F79EFBC}") = "FloApi.Email", "FloApi.Email\FloApi.Email.csproj", "{73C3D6A7-7144-AC2F-E0A4-A97EC5A7AEBE}"
EndProject
Global
	GlobalSection(SolutionConfigurationPlatforms) = preSolution
		Debug|Any CPU = Debug|Any CPU
		Release|Any CPU = Release|Any CPU
	EndGlobalSection
	GlobalSection(ProjectConfigurationPlatforms) = postSolution
		{89E5E325-AAD3-8178-BA2B-4BB2C722614A}.Debug|Any CPU.ActiveCfg = Debug|Any CPU
		{89E5E325-AAD3-8178-BA2B-4BB2C722614A}.Debug|Any CPU.Build.0 = Debug|Any CPU
		{89E5E325-AAD3-8178-BA2B-4BB2C722614A}.Release|Any CPU.ActiveCfg = Release|Any CPU
		{89E5E325-AAD3-8178-BA2B-4BB2C722614A}.Release|Any CPU.Build.0 = Release|Any CPU
		{78145FE3-1D0A-4763-8B10-1473829ADB9E}.Debug|Any CPU.ActiveCfg = Debug|Any CPU
		{78145FE3-1D0A-4763-8B10-1473829ADB9E}.Debug|Any CPU.Build.0 = Debug|Any CPU
		{78145FE3-1D0A-4763-8B10-1473829ADB9E}.Release|Any CPU.ActiveCfg = Release|Any CPU
		{78145FE3-1D0A-4763-8B10-1473829ADB9E}.Release|Any CPU.Build.0 = Release|Any CPU
		{73C3D6A7-7144-AC2F-E0A4-A97EC5A7AEBE}.Debug|Any CPU.ActiveCfg = Debug|Any CPU
		{73C3D6A7-7144-AC2F-E0A4-A97EC5A7AEBE}.Debug|Any CPU.Build.0 = Debug|Any CPU
		{73C3D6A7-7144-AC2F-E0A4-A97EC5A7AEBE}.Release|Any CPU.ActiveCfg = Release|Any CPU
		{73C3D6A7-7144-AC2F-E0A4-A97EC5A7AEBE}.Release|Any CPU.Build.0 = Release|Any CPU
	EndGlobalSection
	GlobalSection(SolutionProperties) = preSolution
		HideSolutionNode = FALSE
	EndGlobalSection
	GlobalSection(ExtensibilityGlobals) = postSolution
		SolutionGuid = {B57A1B33-4FC1-4B87-BC7F-6FBACFDCEF20}
	EndGlobalSection
EndGlobal
